<?xml version="1.0" encoding="utf-8"?>
<Project ToolsVersion="4.0" xmlns="http://schemas.microsoft.com/developer/msbuild/2003">
  <ItemGroup>
    <Filter Include="Source Files">
      <UniqueIdentifier>{4FC737F1-C7A5-4376-A066-2A32D752A2FF}</UniqueIdentifier>
      <Extensions>cpp;c;cc;cxx;def;odl;idl;hpj;bat;asm;asmx</Extensions>
    </Filter>
    <Filter Include="Header Files">
      <UniqueIdentifier>{93995380-89BD-4b04-88EB-625FBE52EBFB}</UniqueIdentifier>
      <Extensions>h;hh;hpp;hxx;hm;inl;inc;ipp;xsd</Extensions>
    </Filter>
    <Filter Include="Resource Files">
      <UniqueIdentifier>{67DA6AB6-F800-4c08-8B7A-83BB121AAD01}</UniqueIdentifier>
      <Extensions>rc;ico;cur;bmp;dlg;rc2;rct;bin;rgs;gif;jpg;jpeg;jpe;resx;tiff;tif;png;wav;mfcribbon-ms</Extensions>
    </Filter>
    <Filter Include="Libraries">
      <UniqueIdentifier>{36242c9c-d23b-4028-bdaa-c90bff5b6782}</UniqueIdentifier>
    </Filter>
    <Filter Include="Header Files\Surface Objects">
      <UniqueIdentifier>{8354c6c1-2249-41c2-a6e1-7790569d9e97}</UniqueIdentifier>
    </Filter>
    <Filter Include="Header Files\_Helpers">
      <UniqueIdentifier>{b2dc82b9-a73b-4da1-8bbe-5f5d9d903465}</UniqueIdentifier>
    </Filter>
    <Filter Include="Header Files\Materials &amp; Textures">
      <UniqueIdentifier>{520e77a1-5d35-4323-a8cc-f6c8003f30d3}</UniqueIdentifier>
    </Filter>
    <Filter Include="Header Files\Scenes">
      <UniqueIdentifier>{271530ee-ab91-456f-b84b-6cc0d64ffb58}</UniqueIdentifier>
    </Filter>
    <Filter Include="Header Files\Core">
      <UniqueIdentifier>{22e84e9c-9c3f-4668-b582-43d180651138}</UniqueIdentifier>
    </Filter>
    <Filter Include="Header Files\Renderer">
      <UniqueIdentifier>{c458450a-1b85-47ef-9ee0-dbb3c76d3e00}</UniqueIdentifier>
    </Filter>
  </ItemGroup>
  <ItemGroup>
    <ClInclude Include="Libraries\stb\stb_image.h">
      <Filter>Libraries</Filter>
    </ClInclude>
    <ClInclude Include="Libraries\stb\stb_image_write.h">
      <Filter>Libraries</Filter>
    </ClInclude>
    <ClInclude Include="rayg_sphere.h">
      <Filter>Header Files\Surface Objects</Filter>
    </ClInclude>
    <ClInclude Include="rayg_material.h">
      <Filter>Header Files\Materials &amp; Textures</Filter>
    </ClInclude>
    <ClInclude Include="rayg_surface.h">
      <Filter>Header Files\Surface Objects</Filter>
    </ClInclude>
    <ClInclude Include="common_defines.h">
      <Filter>Header Files\_Helpers</Filter>
    </ClInclude>
    <ClInclude Include="randf.h">
      <Filter>Header Files\_Helpers</Filter>
    </ClInclude>
    <ClInclude Include="rayg_bvh.h">
      <Filter>Header Files\Surface Objects</Filter>
    </ClInclude>
    <ClInclude Include="rayg_texture.h">
      <Filter>Header Files\Materials &amp; Textures</Filter>
    </ClInclude>
    <ClInclude Include="rayg_perlin.h">
      <Filter>Header Files</Filter>
    </ClInclude>
    <ClInclude Include="rayg_scenes.h">
      <Filter>Header Files\Scenes</Filter>
    </ClInclude>
    <ClInclude Include="rayg_camera.h">
      <Filter>Header Files\Core</Filter>
    </ClInclude>
    <ClInclude Include="rayg_ray.h">
      <Filter>Header Files\Core</Filter>
    </ClInclude>
    <ClInclude Include="rayg_vec3.h">
      <Filter>Header Files\Core</Filter>
    </ClInclude>
    <ClInclude Include="rayg_aabb.h">
      <Filter>Header Files\Core</Filter>
    </ClInclude>
    <ClInclude Include="rayg_renderer.h">
      <Filter>Header Files\Renderer</Filter>
    </ClInclude>
    <ClInclude Include="rayg_rects.h">
      <Filter>Header Files\Surface Objects</Filter>
    </ClInclude>
    <ClInclude Include="rayg_box.h">
      <Filter>Header Files\Surface Objects</Filter>
    </ClInclude>
    <ClInclude Include="rayg_background.h">
      <Filter>Header Files\Scenes</Filter>
    </ClInclude>
    <ClInclude Include="rayg_triangle.h">
      <Filter>Header Files\Surface Objects</Filter>
    </ClInclude>
    <ClInclude Include="rayg_constant_med.h">
      <Filter>Header Files\Surface Objects</Filter>
    </ClInclude>
    <ClInclude Include="rayg_translate.h">
      <Filter>Header Files\Surface Objects</Filter>
    </ClInclude>
  </ItemGroup>
  <ItemGroup>
    <ClCompile Include="main.cpp">
      <Filter>Source Files</Filter>
    </ClCompile>
    <ClCompile Include="rayg_sphere.cpp">
      <Filter>Source Files</Filter>
    </ClCompile>
    <ClCompile Include="rayg_surface.cpp">
      <Filter>Source Files</Filter>
    </ClCompile>
    <ClCompile Include="rayg_camera.cpp">
      <Filter>Source Files</Filter>
    </ClCompile>
    <ClCompile Include="rayg_material.cpp">
      <Filter>Source Files</Filter>
    </ClCompile>
    <ClCompile Include="randf.cpp">
      <Filter>Source Files</Filter>
    </ClCompile>
    <ClCompile Include="common_defines.cpp">
      <Filter>Source Files</Filter>
    </ClCompile>
    <ClCompile Include="rayg_aabb.cpp">
      <Filter>Source Files</Filter>
    </ClCompile>
    <ClCompile Include="rayg_bvh.cpp">
      <Filter>Source Files</Filter>
    </ClCompile>
    <ClCompile Include="rayg_texture.cpp">
      <Filter>Source Files</Filter>
    </ClCompile>
    <ClCompile Include="rayg_perlin.cpp">
      <Filter>Source Files</Filter>
    </ClCompile>
    <ClCompile Include="rayg_scenes.cpp">
      <Filter>Source Files</Filter>
    </ClCompile>
    <ClCompile Include="rayg_renderer.cpp">
      <Filter>Source Files</Filter>
    </ClCompile>
    <ClCompile Include="rayg_rects.cpp">
      <Filter>Source Files</Filter>
    </ClCompile>
    <ClCompile Include="rayg_box.cpp">
      <Filter>Source Files</Filter>
    </ClCompile>
    <ClCompile Include="rayg_background.cpp">
      <Filter>Source Files</Filter>
    </ClCompile>
    <ClCompile Include="rayg_triangle.cpp">
      <Filter>Source Files</Filter>
    </ClCompile>
    <ClCompile Include="rayg_constant_med.cpp">
      <Filter>Source Files</Filter>
    </ClCompile>
    <ClCompile Include="rayg_translate.cpp">
      <Filter>Source Files</Filter>
    </ClCompile>
  </ItemGroup>
</Project>